<?xml version="1.0" encoding="utf-8"?>
<Project ToolsVersion="4.0" xmlns="http://schemas.microsoft.com/developer/msbuild/2003">
  <ItemGroup>
    <ClCompile Include="ExercicesCours.cpp" />
    <ClCompile Include="GameManager.cpp" />
    <ClCompile Include="GameObject.cpp" />
    <ClCompile Include="InputManager.cpp" />
    <ClCompile Include="pch.cpp" />
    <ClCompile Include="Player.cpp" />
    <ClCompile Include="ScreenManager.cpp" />
    <ClCompile Include="BreakableObject.cpp" />
    <ClCompile Include="TreeObject.cpp" />
  </ItemGroup>
  <ItemGroup>
    <ClInclude Include="GameManager.h" />
    <ClInclude Include="GameObject.h" />
    <ClInclude Include="InputManager.h" />
    <ClInclude Include="pch.h" />
    <ClInclude Include="Player.h" />
    <ClInclude Include="ScreenManager.h" />
    <ClInclude Include="BreakableObject.h" />
    <ClInclude Include="TreeObject.h" />
  </ItemGroup>
</Project>